
Microsoft Visual Studio Solution File, Format Version 12.00
# Visual Studio 15
VisualStudioVersion = 15.0.26124.0
MinimumVisualStudioVersion = 15.0.26124.0
Project("{FAE04EC0-301F-11D3-BF4B-00C04F79EFBC}") = "Domain", "Domain\Domain.csproj", "{A27A8272-2E01-4872-85B7-666430AF0AD0}"
EndProject
Project("{FAE04EC0-301F-11D3-BF4B-00C04F79EFBC}") = "API", "API\API.csproj", "{C8B2F3C2-9A18-4BF4-8075-651F4EE0E3AE}"
EndProject
Project("{FAE04EC0-301F-11D3-BF4B-00C04F79EFBC}") = "Application", "Application\Application.csproj", "{895EBD9A-67B8-44ED-84BC-2BE578DD1031}"
EndProject
Project("{FAE04EC0-301F-11D3-BF4B-00C04F79EFBC}") = "Persistence", "Persistence\Persistence.csproj", "{11A51ACE-71E8-49FD-AB37-B6521CC4318B}"
EndProject
Global
	GlobalSection(SolutionConfigurationPlatforms) = preSolution
		Debug|Any CPU = Debug|Any CPU
		Debug|x64 = Debug|x64
		Debug|x86 = Debug|x86
		Release|Any CPU = Release|Any CPU
		Release|x64 = Release|x64
		Release|x86 = Release|x86
	EndGlobalSection
	GlobalSection(SolutionProperties) = preSolution
		HideSolutionNode = FALSE
	EndGlobalSection
	GlobalSection(ProjectConfigurationPlatforms) = postSolution
		{A27A8272-2E01-4872-85B7-666430AF0AD0}.Debug|Any CPU.ActiveCfg = Debug|Any CPU
		{A27A8272-2E01-4872-85B7-666430AF0AD0}.Debug|Any CPU.Build.0 = Debug|Any CPU
		{A27A8272-2E01-4872-85B7-666430AF0AD0}.Debug|x64.ActiveCfg = Debug|Any CPU
		{A27A8272-2E01-4872-85B7-666430AF0AD0}.Debug|x64.Build.0 = Debug|Any CPU
		{A27A8272-2E01-4872-85B7-666430AF0AD0}.Debug|x86.ActiveCfg = Debug|Any CPU
		{A27A8272-2E01-4872-85B7-666430AF0AD0}.Debug|x86.Build.0 = Debug|Any CPU
		{A27A8272-2E01-4872-85B7-666430AF0AD0}.Release|Any CPU.ActiveCfg = Release|Any CPU
		{A27A8272-2E01-4872-85B7-666430AF0AD0}.Release|Any CPU.Build.0 = Release|Any CPU
		{A27A8272-2E01-4872-85B7-666430AF0AD0}.Release|x64.ActiveCfg = Release|Any CPU
		{A27A8272-2E01-4872-85B7-666430AF0AD0}.Release|x64.Build.0 = Release|Any CPU
		{A27A8272-2E01-4872-85B7-666430AF0AD0}.Release|x86.ActiveCfg = Release|Any CPU
		{A27A8272-2E01-4872-85B7-666430AF0AD0}.Release|x86.Build.0 = Release|Any CPU
		{C8B2F3C2-9A18-4BF4-8075-651F4EE0E3AE}.Debug|Any CPU.ActiveCfg = Debug|Any CPU
		{C8B2F3C2-9A18-4BF4-8075-651F4EE0E3AE}.Debug|Any CPU.Build.0 = Debug|Any CPU
		{C8B2F3C2-9A18-4BF4-8075-651F4EE0E3AE}.Debug|x64.ActiveCfg = Debug|Any CPU
		{C8B2F3C2-9A18-4BF4-8075-651F4EE0E3AE}.Debug|x64.Build.0 = Debug|Any CPU
		{C8B2F3C2-9A18-4BF4-8075-651F4EE0E3AE}.Debug|x86.ActiveCfg = Debug|Any CPU
		{C8B2F3C2-9A18-4BF4-8075-651F4EE0E3AE}.Debug|x86.Build.0 = Debug|Any CPU
		{C8B2F3C2-9A18-4BF4-8075-651F4EE0E3AE}.Release|Any CPU.ActiveCfg = Release|Any CPU
		{C8B2F3C2-9A18-4BF4-8075-651F4EE0E3AE}.Release|Any CPU.Build.0 = Release|Any CPU
		{C8B2F3C2-9A18-4BF4-8075-651F4EE0E3AE}.Release|x64.ActiveCfg = Release|Any CPU
		{C8B2F3C2-9A18-4BF4-8075-651F4EE0E3AE}.Release|x64.Build.0 = Release|Any CPU
		{C8B2F3C2-9A18-4BF4-8075-651F4EE0E3AE}.Release|x86.ActiveCfg = Release|Any CPU
		{C8B2F3C2-9A18-4BF4-8075-651F4EE0E3AE}.Release|x86.Build.0 = Release|Any CPU
		{895EBD9A-67B8-44ED-84BC-2BE578DD1031}.Debug|Any CPU.ActiveCfg = Debug|Any CPU
		{895EBD9A-67B8-44ED-84BC-2BE578DD1031}.Debug|Any CPU.Build.0 = Debug|Any CPU
		{895EBD9A-67B8-44ED-84BC-2BE578DD1031}.Debug|x64.ActiveCfg = Debug|Any CPU
		{895EBD9A-67B8-44ED-84BC-2BE578DD1031}.Debug|x64.Build.0 = Debug|Any CPU
		{895EBD9A-67B8-44ED-84BC-2BE578DD1031}.Debug|x86.ActiveCfg = Debug|Any CPU
		{895EBD9A-67B8-44ED-84BC-2BE578DD1031}.Debug|x86.Build.0 = Debug|Any CPU
		{895EBD9A-67B8-44ED-84BC-2BE578DD1031}.Release|Any CPU.ActiveCfg = Release|Any CPU
		{895EBD9A-67B8-44ED-84BC-2BE578DD1031}.Release|Any CPU.Build.0 = Release|Any CPU
		{895EBD9A-67B8-44ED-84BC-2BE578DD1031}.Release|x64.ActiveCfg = Release|Any CPU
		{895EBD9A-67B8-44ED-84BC-2BE578DD1031}.Release|x64.Build.0 = Release|Any CPU
		{895EBD9A-67B8-44ED-84BC-2BE578DD1031}.Release|x86.ActiveCfg = Release|Any CPU
		{895EBD9A-67B8-44ED-84BC-2BE578DD1031}.Release|x86.Build.0 = Release|Any CPU
		{11A51ACE-71E8-49FD-AB37-B6521CC4318B}.Debug|Any CPU.ActiveCfg = Debug|Any CPU
		{11A51ACE-71E8-49FD-AB37-B6521CC4318B}.Debug|Any CPU.Build.0 = Debug|Any CPU
		{11A51ACE-71E8-49FD-AB37-B6521CC4318B}.Debug|x64.ActiveCfg = Debug|Any CPU
		{11A51ACE-71E8-49FD-AB37-B6521CC4318B}.Debug|x64.Build.0 = Debug|Any CPU
		{11A51ACE-71E8-49FD-AB37-B6521CC4318B}.Debug|x86.ActiveCfg = Debug|Any CPU
		{11A51ACE-71E8-49FD-AB37-B6521CC4318B}.Debug|x86.Build.0 = Debug|Any CPU
		{11A51ACE-71E8-49FD-AB37-B6521CC4318B}.Release|Any CPU.ActiveCfg = Release|Any CPU
		{11A51ACE-71E8-49FD-AB37-B6521CC4318B}.Release|Any CPU.Build.0 = Release|Any CPU
		{11A51ACE-71E8-49FD-AB37-B6521CC4318B}.Release|x64.ActiveCfg = Release|Any CPU
		{11A51ACE-71E8-49FD-AB37-B6521CC4318B}.Release|x64.Build.0 = Release|Any CPU
		{11A51ACE-71E8-49FD-AB37-B6521CC4318B}.Release|x86.ActiveCfg = Release|Any CPU
		{11A51ACE-71E8-49FD-AB37-B6521CC4318B}.Release|x86.Build.0 = Release|Any CPU
	EndGlobalSection
EndGlobal
